<?xml version="1.0" encoding="utf-8"?>
<Project ToolsVersion="4.0" xmlns="http://schemas.microsoft.com/developer/msbuild/2003">
  <ItemGroup>
    <Filter Include="Source Files">
      <UniqueIdentifier>{4FC737F1-C7A5-4376-A066-2A32D752A2FF}</UniqueIdentifier>
      <Extensions>cpp;c;cc;cxx;def;odl;idl;hpj;bat;asm;asmx</Extensions>
    </Filter>
    <Filter Include="Header Files">
      <UniqueIdentifier>{93995380-89BD-4b04-88EB-625FBE52EBFB}</UniqueIdentifier>
      <Extensions>h;hh;hpp;hxx;hm;inl;inc;ipp;xsd</Extensions>
    </Filter>
    <Filter Include="Resource Files">
      <UniqueIdentifier>{67DA6AB6-F800-4c08-8B7A-83BB121AAD01}</UniqueIdentifier>
      <Extensions>rc;ico;cur;bmp;dlg;rc2;rct;bin;rgs;gif;jpg;jpeg;jpe;resx;tiff;tif;png;wav;mfcribbon-ms</Extensions>
    </Filter>
  </ItemGroup>
  <ItemGroup>
    <ClCompile Include="Laboratornaya1.cpp">
      <Filter>Source Files</Filter>
    </ClCompile>
    <ClCompile Include="Continent.cpp">
      <Filter>Source Files</Filter>
    </ClCompile>
    <ClCompile Include="Country.cpp">
      <Filter>Source Files</Filter>
    </ClCompile>
    <ClCompile Include="City.cpp">
      <Filter>Source Files</Filter>
    </ClCompile>
    <ClCompile Include="NationalPark.cpp">
      <Filter>Source Files</Filter>
    </ClCompile>
    <ClCompile Include="Theater.cpp">
      <Filter>Source Files</Filter>
    </ClCompile>
    <ClCompile Include="ArtMuseum.cpp">
      <Filter>Source Files</Filter>
    </ClCompile>
    <ClCompile Include="Statue.cpp">
      <Filter>Source Files</Filter>
    </ClCompile>
    <ClCompile Include="Museum.cpp">
      <Filter>Source Files</Filter>
    </ClCompile>
    <ClCompile Include="Picture.cpp">
      <Filter>Source Files</Filter>
    </ClCompile>
    <ClCompile Include="Kremlin.cpp">
      <Filter>Source Files</Filter>
    </ClCompile>
    <ClCompile Include="Park.cpp">
      <Filter>Source Files</Filter>
    </ClCompile>
  </ItemGroup>
  <ItemGroup>
    <ClInclude Include="Continent.h">
      <Filter>Header Files</Filter>
    </ClInclude>
    <ClInclude Include="Country.h">
      <Filter>Header Files</Filter>
    </ClInclude>
    <ClInclude Include="City.h">
      <Filter>Header Files</Filter>
    </ClInclude>
    <ClInclude Include="NationalPark.h">
      <Filter>Header Files</Filter>
    </ClInclude>
    <ClInclude Include="Theater.h">
      <Filter>Header Files</Filter>
    </ClInclude>
    <ClInclude Include="ArtMuseum.h">
      <Filter>Header Files</Filter>
    </ClInclude>
    <ClInclude Include="Statue.h">
      <Filter>Header Files</Filter>
    </ClInclude>
    <ClInclude Include="Museum.h">
      <Filter>Header Files</Filter>
    </ClInclude>
    <ClInclude Include="Picture.h">
      <Filter>Header Files</Filter>
    </ClInclude>
    <ClInclude Include="Kremlin.h">
      <Filter>Header Files</Filter>
    </ClInclude>
    <ClInclude Include="Park.h">
      <Filter>Header Files</Filter>
    </ClInclude>
  </ItemGroup>
</Project>